{
    "_meta": {
        "hash": {
            "sha256": "2296aa1a201a9a16410b7f68f13b6c2a83d387b135016184a4555c7a099cbcf9"
        },
        "pipfile-spec": 6,
        "requires": {
            "python_version": "3.10"
        },
        "sources": [
            {
                "name": "pypi",
                "url": "https://pypi.org/simple",
                "verify_ssl": true
            }
        ]
    },
    "default": {
        "networkx": {
            "hashes": [
                "sha256:8b25f564bd28f94ac821c58b04ae1a3109e73b001a7d476e4bb0d00d63706bf8",
                "sha256:bda29edf392d9bfa5602034c767d28549214ec45f620081f0b74dc036a1fbbc1"
            ],
            "index": "pypi",
            "markers": "python_version >= '3.9'",
            "version": "==3.2"
        },
        "packaging": {
            "hashes": [
                "sha256:048fb0e9405036518eaaf48a55953c750c11e1a1b68e0dd1a9d62ed0c092cfc5",
                "sha256:8c491190033a9af7e1d931d0b5dacc2ef47509b34dd0de67ed209b5203fc88c7"
            ],
            "markers": "python_version >= '3.7'",
            "version": "==23.2"
        },
        "plotly": {
            "hashes": [
                "sha256:290d796bf7bab87aad184fe24b86096234c4c95dcca6ecbca02d02bdf17d3d97",
                "sha256:7c84cdf11da162423da957bb093287134f2d6f170eb9a74f1459f825892247c3"
            ],
            "index": "pypi",
            "markers": "python_version >= '3.6'",
            "version": "==5.17.0"
        },
        "tenacity": {
            "hashes": [
                "sha256:5398ef0d78e63f40007c1fb4c0bff96e1911394d2fa8d194f77619c05ff6cc8a",
                "sha256:ce510e327a630c9e1beaf17d42e6ffacc88185044ad85cf74c0a8887c6a0f88c"
            ],
            "markers": "python_version >= '3.7'",
            "version": "==8.2.3"
        }
    },
    "develop": {}
}
